
Microsoft Visual Studio Solution File, Format Version 11.00
# Visual Studio 2010
Project("{FAE04EC0-301F-11D3-BF4B-00C04F79EFBC}") = "Assembly-CSharp", "Assembly-CSharp.csproj", "{d7b282be-0d85-c237-0798-06d20a7c57e9}"
EndProject
Project("{FAE04EC0-301F-11D3-BF4B-00C04F79EFBC}") = "Assembly-CSharp-Editor", "Assembly-CSharp-Editor.csproj", "{8ec641e4-40f2-22a5-b5f4-d76b826226f9}"
EndProject
Global
	GlobalSection(SolutionConfigurationPlatforms) = preSolution
		Debug|Any CPU = Debug|Any CPU
	EndGlobalSection
	GlobalSection(ProjectConfigurationPlatforms) = postSolution
		{d7b282be-0d85-c237-0798-06d20a7c57e9}.Debug|Any CPU.ActiveCfg = Debug|Any CPU
		{d7b282be-0d85-c237-0798-06d20a7c57e9}.Debug|Any CPU.Build.0 = Debug|Any CPU
		{8ec641e4-40f2-22a5-b5f4-d76b826226f9}.Debug|Any CPU.ActiveCfg = Debug|Any CPU
		{8ec641e4-40f2-22a5-b5f4-d76b826226f9}.Debug|Any CPU.Build.0 = Debug|Any CPU
	EndGlobalSection
	GlobalSection(SolutionProperties) = preSolution
		HideSolutionNode = FALSE
	EndGlobalSection
EndGlobal
